// !$*UTF8*$!
{
	archiveVersion = 1;
	classes = {
	};
	objectVersion = 46;
	objects = {

/* Begin PBXBuildFile section */
		315DE3161A01A64300BC4EB7 /* HomeViewController.swift in Sources */ = {isa = PBXBuildFile; fileRef = 315DE3151A01A64300BC4EB7 /* HomeViewController.swift */; };
		3168E11219FD7C8D0069C520 /* Station.swift in Sources */ = {isa = PBXBuildFile; fileRef = 3168E11119FD7C8D0069C520 /* Station.swift */; };
		3168E11719FD7FED0069C520 /* ScheduleInformation.swift in Sources */ = {isa = PBXBuildFile; fileRef = 3168E11619FD7FED0069C520 /* ScheduleInformation.swift */; };
		31726B3B19F2F5B900FDAFE9 /* BARTClient.swift in Sources */ = {isa = PBXBuildFile; fileRef = 31726B3A19F2F5B900FDAFE9 /* BARTClient.swift */; };
		3187900619EA296500455502 /* AppDelegate.swift in Sources */ = {isa = PBXBuildFile; fileRef = 3187900519EA296500455502 /* AppDelegate.swift */; };
		3187900B19EA296500455502 /* Main.storyboard in Resources */ = {isa = PBXBuildFile; fileRef = 3187900919EA296500455502 /* Main.storyboard */; };
		3187900D19EA296500455502 /* Images.xcassets in Resources */ = {isa = PBXBuildFile; fileRef = 3187900C19EA296500455502 /* Images.xcassets */; };
		3187901019EA296500455502 /* LaunchScreen.xib in Resources */ = {isa = PBXBuildFile; fileRef = 3187900E19EA296500455502 /* LaunchScreen.xib */; };
		3187901C19EA296500455502 /* BartNapTests.swift in Sources */ = {isa = PBXBuildFile; fileRef = 3187901B19EA296500455502 /* BartNapTests.swift */; };
		31898B491A02FF46009BC1DA /* TakeANapViewController.swift in Sources */ = {isa = PBXBuildFile; fileRef = 31898B481A02FF46009BC1DA /* TakeANapViewController.swift */; };
		31F42D7B1A088C0100444E62 /* TimeTablesViewController.swift in Sources */ = {isa = PBXBuildFile; fileRef = 31F42D7A1A088C0000444E62 /* TimeTablesViewController.swift */; };
		31F42D7D1A09DBC500444E62 /* SettingsViewController.swift in Sources */ = {isa = PBXBuildFile; fileRef = 31F42D7C1A09DBC500444E62 /* SettingsViewController.swift */; };
		BEE5241A7F3976F47E87AD9F /* libPods.a in Frameworks */ = {isa = PBXBuildFile; fileRef = 52ED5F96E54B12B72F1BC1BE /* libPods.a */; };
		F81E60C21A0F6C19001025CC /* 233645__zanox__alarm-clock-digital.wav in Resources */ = {isa = PBXBuildFile; fileRef = F81E60C11A0F6C19001025CC /* 233645__zanox__alarm-clock-digital.wav */; };
		F85312F51A06C00A000BB841 /* RemainingNapTimeViewController.swift in Sources */ = {isa = PBXBuildFile; fileRef = F85312F41A06C00A000BB841 /* RemainingNapTimeViewController.swift */; };
		F8BB8C1B1A084D8700C483E7 /* allDoneViewController.swift in Sources */ = {isa = PBXBuildFile; fileRef = F8BB8C1A1A084D8700C483E7 /* allDoneViewController.swift */; };
/* End PBXBuildFile section */

/* Begin PBXContainerItemProxy section */
		3187901619EA296500455502 /* PBXContainerItemProxy */ = {
			isa = PBXContainerItemProxy;
			containerPortal = 31878FF819EA296500455502 /* Project object */;
			proxyType = 1;
			remoteGlobalIDString = 31878FFF19EA296500455502;
			remoteInfo = BartNap;
		};
/* End PBXContainerItemProxy section */

/* Begin PBXFileReference section */
		2F2A6DDC07254B91119F2502 /* Pods.release.xcconfig */ = {isa = PBXFileReference; includeInIndex = 1; lastKnownFileType = text.xcconfig; name = Pods.release.xcconfig; path = "Pods/Target Support Files/Pods/Pods.release.xcconfig"; sourceTree = "<group>"; };
		315DE3151A01A64300BC4EB7 /* HomeViewController.swift */ = {isa = PBXFileReference; fileEncoding = 4; lastKnownFileType = sourcecode.swift; path = HomeViewController.swift; sourceTree = "<group>"; };
		3168E11119FD7C8D0069C520 /* Station.swift */ = {isa = PBXFileReference; fileEncoding = 4; lastKnownFileType = sourcecode.swift; path = Station.swift; sourceTree = "<group>"; };
		3168E11619FD7FED0069C520 /* ScheduleInformation.swift */ = {isa = PBXFileReference; fileEncoding = 4; lastKnownFileType = sourcecode.swift; path = ScheduleInformation.swift; sourceTree = "<group>"; };
		31726B3A19F2F5B900FDAFE9 /* BARTClient.swift */ = {isa = PBXFileReference; fileEncoding = 4; lastKnownFileType = sourcecode.swift; path = BARTClient.swift; sourceTree = "<group>"; };
		3187900019EA296500455502 /* BartNap.app */ = {isa = PBXFileReference; explicitFileType = wrapper.application; includeInIndex = 0; path = BartNap.app; sourceTree = BUILT_PRODUCTS_DIR; };
		3187900419EA296500455502 /* Info.plist */ = {isa = PBXFileReference; lastKnownFileType = text.plist.xml; path = Info.plist; sourceTree = "<group>"; };
		3187900519EA296500455502 /* AppDelegate.swift */ = {isa = PBXFileReference; lastKnownFileType = sourcecode.swift; path = AppDelegate.swift; sourceTree = "<group>"; };
		3187900A19EA296500455502 /* Base */ = {isa = PBXFileReference; lastKnownFileType = file.storyboard; name = Base; path = Base.lproj/Main.storyboard; sourceTree = "<group>"; };
		3187900C19EA296500455502 /* Images.xcassets */ = {isa = PBXFileReference; lastKnownFileType = folder.assetcatalog; path = Images.xcassets; sourceTree = "<group>"; };
		3187900F19EA296500455502 /* Base */ = {isa = PBXFileReference; lastKnownFileType = file.xib; name = Base; path = Base.lproj/LaunchScreen.xib; sourceTree = "<group>"; };
		3187901519EA296500455502 /* BartNapTests.xctest */ = {isa = PBXFileReference; explicitFileType = wrapper.cfbundle; includeInIndex = 0; path = BartNapTests.xctest; sourceTree = BUILT_PRODUCTS_DIR; };
		3187901A19EA296500455502 /* Info.plist */ = {isa = PBXFileReference; lastKnownFileType = text.plist.xml; path = Info.plist; sourceTree = "<group>"; };
		3187901B19EA296500455502 /* BartNapTests.swift */ = {isa = PBXFileReference; lastKnownFileType = sourcecode.swift; path = BartNapTests.swift; sourceTree = "<group>"; };
		31898B481A02FF46009BC1DA /* TakeANapViewController.swift */ = {isa = PBXFileReference; fileEncoding = 4; lastKnownFileType = sourcecode.swift; path = TakeANapViewController.swift; sourceTree = "<group>"; };
		31F42D7A1A088C0000444E62 /* TimeTablesViewController.swift */ = {isa = PBXFileReference; fileEncoding = 4; lastKnownFileType = sourcecode.swift; path = TimeTablesViewController.swift; sourceTree = "<group>"; };
		31F42D7C1A09DBC500444E62 /* SettingsViewController.swift */ = {isa = PBXFileReference; fileEncoding = 4; lastKnownFileType = sourcecode.swift; path = SettingsViewController.swift; sourceTree = "<group>"; };
		52ED5F96E54B12B72F1BC1BE /* libPods.a */ = {isa = PBXFileReference; explicitFileType = archive.ar; includeInIndex = 0; path = libPods.a; sourceTree = BUILT_PRODUCTS_DIR; };
		F6166F54374392ABB28F0D4B /* Pods.debug.xcconfig */ = {isa = PBXFileReference; includeInIndex = 1; lastKnownFileType = text.xcconfig; name = Pods.debug.xcconfig; path = "Pods/Target Support Files/Pods/Pods.debug.xcconfig"; sourceTree = "<group>"; };
		F81E60C11A0F6C19001025CC /* 233645__zanox__alarm-clock-digital.wav */ = {isa = PBXFileReference; lastKnownFileType = audio.wav; path = "233645__zanox__alarm-clock-digital.wav"; sourceTree = "<group>"; };
		F85312F41A06C00A000BB841 /* RemainingNapTimeViewController.swift */ = {isa = PBXFileReference; fileEncoding = 4; lastKnownFileType = sourcecode.swift; path = RemainingNapTimeViewController.swift; sourceTree = "<group>"; };
		F8BB8C151A08399100C483E7 /* BartNap-Bridging-Header.h */ = {isa = PBXFileReference; lastKnownFileType = sourcecode.c.h; path = "BartNap-Bridging-Header.h"; sourceTree = "<group>"; };
		F8BB8C1A1A084D8700C483E7 /* allDoneViewController.swift */ = {isa = PBXFileReference; fileEncoding = 4; lastKnownFileType = sourcecode.swift; path = allDoneViewController.swift; sourceTree = "<group>"; };
/* End PBXFileReference section */

/* Begin PBXFrameworksBuildPhase section */
		31878FFD19EA296500455502 /* Frameworks */ = {
			isa = PBXFrameworksBuildPhase;
			buildActionMask = 2147483647;
			files = (
				BEE5241A7F3976F47E87AD9F /* libPods.a in Frameworks */,
			);
			runOnlyForDeploymentPostprocessing = 0;
		};
		3187901219EA296500455502 /* Frameworks */ = {
			isa = PBXFrameworksBuildPhase;
			buildActionMask = 2147483647;
			files = (
			);
			runOnlyForDeploymentPostprocessing = 0;
		};
/* End PBXFrameworksBuildPhase section */

/* Begin PBXGroup section */
		3168E11319FD7F9A0069C520 /* Model */ = {
			isa = PBXGroup;
			children = (
				3168E11119FD7C8D0069C520 /* Station.swift */,
				3168E11619FD7FED0069C520 /* ScheduleInformation.swift */,
			);
			name = Model;
			sourceTree = "<group>";
		};
		31878FF719EA296400455502 = {
			isa = PBXGroup;
			children = (
				3187900219EA296500455502 /* BartNap */,
				3187901819EA296500455502 /* BartNapTests */,
				3187900119EA296500455502 /* Products */,
				D30D91CD34A68D7A632B2940 /* Pods */,
				F356DD942BE65C499FB76CC4 /* Frameworks */,
			);
			sourceTree = "<group>";
		};
		3187900119EA296500455502 /* Products */ = {
			isa = PBXGroup;
			children = (
				3187900019EA296500455502 /* BartNap.app */,
				3187901519EA296500455502 /* BartNapTests.xctest */,
			);
			name = Products;
			sourceTree = "<group>";
		};
		3187900219EA296500455502 /* BartNap */ = {
			isa = PBXGroup;
			children = (
				F81E60C01A0F65A5001025CC /* Sounds */,
				31898B471A02FEB5009BC1DA /* Controllers */,
				31898B461A02FDC6009BC1DA /* API */,
				3168E11319FD7F9A0069C520 /* Model */,
				3187900519EA296500455502 /* AppDelegate.swift */,
				3187900919EA296500455502 /* Main.storyboard */,
				3187900C19EA296500455502 /* Images.xcassets */,
				3187900E19EA296500455502 /* LaunchScreen.xib */,
				3187900319EA296500455502 /* Supporting Files */,
				F8BB8C151A08399100C483E7 /* BartNap-Bridging-Header.h */,
			);
			path = BartNap;
			sourceTree = "<group>";
		};
		3187900319EA296500455502 /* Supporting Files */ = {
			isa = PBXGroup;
			children = (
				3187900419EA296500455502 /* Info.plist */,
			);
			name = "Supporting Files";
			sourceTree = "<group>";
		};
		3187901819EA296500455502 /* BartNapTests */ = {
			isa = PBXGroup;
			children = (
				3187901B19EA296500455502 /* BartNapTests.swift */,
				3187901919EA296500455502 /* Supporting Files */,
			);
			path = BartNapTests;
			sourceTree = "<group>";
		};
		3187901919EA296500455502 /* Supporting Files */ = {
			isa = PBXGroup;
			children = (
				3187901A19EA296500455502 /* Info.plist */,
			);
			name = "Supporting Files";
			sourceTree = "<group>";
		};
		31898B461A02FDC6009BC1DA /* API */ = {
			isa = PBXGroup;
			children = (
				31726B3A19F2F5B900FDAFE9 /* BARTClient.swift */,
			);
			name = API;
			sourceTree = "<group>";
		};
		31898B471A02FEB5009BC1DA /* Controllers */ = {
			isa = PBXGroup;
			children = (
				315DE3151A01A64300BC4EB7 /* HomeViewController.swift */,
				31898B481A02FF46009BC1DA /* TakeANapViewController.swift */,
				F85312F41A06C00A000BB841 /* RemainingNapTimeViewController.swift */,
				F8BB8C1A1A084D8700C483E7 /* allDoneViewController.swift */,
				31F42D7A1A088C0000444E62 /* TimeTablesViewController.swift */,
				31F42D7C1A09DBC500444E62 /* SettingsViewController.swift */,
			);
			name = Controllers;
			sourceTree = "<group>";
		};
		D30D91CD34A68D7A632B2940 /* Pods */ = {
			isa = PBXGroup;
			children = (
				F6166F54374392ABB28F0D4B /* Pods.debug.xcconfig */,
				2F2A6DDC07254B91119F2502 /* Pods.release.xcconfig */,
			);
			name = Pods;
			sourceTree = "<group>";
		};
		F356DD942BE65C499FB76CC4 /* Frameworks */ = {
			isa = PBXGroup;
			children = (
				52ED5F96E54B12B72F1BC1BE /* libPods.a */,
			);
			name = Frameworks;
			sourceTree = "<group>";
		};
		F81E60C01A0F65A5001025CC /* Sounds */ = {
			isa = PBXGroup;
			children = (
				F81E60C11A0F6C19001025CC /* 233645__zanox__alarm-clock-digital.wav */,
			);
			name = Sounds;
			sourceTree = "<group>";
		};
/* End PBXGroup section */

/* Begin PBXNativeTarget section */
		31878FFF19EA296500455502 /* BartNap */ = {
			isa = PBXNativeTarget;
			buildConfigurationList = 3187901F19EA296500455502 /* Build configuration list for PBXNativeTarget "BartNap" */;
			buildPhases = (
				FF0634ECCC0FBF7FDC23F5A8 /* Check Pods Manifest.lock */,
				31878FFC19EA296500455502 /* Sources */,
				31878FFD19EA296500455502 /* Frameworks */,
				31878FFE19EA296500455502 /* Resources */,
				2ED3589D322DE1DA7F36FE7F /* Copy Pods Resources */,
			);
			buildRules = (
			);
			dependencies = (
			);
			name = BartNap;
			productName = BartNap;
			productReference = 3187900019EA296500455502 /* BartNap.app */;
			productType = "com.apple.product-type.application";
		};
		3187901419EA296500455502 /* BartNapTests */ = {
			isa = PBXNativeTarget;
			buildConfigurationList = 3187902219EA296500455502 /* Build configuration list for PBXNativeTarget "BartNapTests" */;
			buildPhases = (
				3187901119EA296500455502 /* Sources */,
				3187901219EA296500455502 /* Frameworks */,
				3187901319EA296500455502 /* Resources */,
			);
			buildRules = (
			);
			dependencies = (
				3187901719EA296500455502 /* PBXTargetDependency */,
			);
			name = BartNapTests;
			productName = BartNapTests;
			productReference = 3187901519EA296500455502 /* BartNapTests.xctest */;
			productType = "com.apple.product-type.bundle.unit-test";
		};
/* End PBXNativeTarget section */

/* Begin PBXProject section */
		31878FF819EA296500455502 /* Project object */ = {
			isa = PBXProject;
			attributes = {
				LastUpgradeCheck = 0610;
				ORGANIZATIONNAME = "Jonathan Schapiro";
				TargetAttributes = {
					31878FFF19EA296500455502 = {
						CreatedOnToolsVersion = 6.1;
					};
					3187901419EA296500455502 = {
						CreatedOnToolsVersion = 6.1;
						TestTargetID = 31878FFF19EA296500455502;
					};
				};
			};
			buildConfigurationList = 31878FFB19EA296500455502 /* Build configuration list for PBXProject "BartNap" */;
			compatibilityVersion = "Xcode 3.2";
			developmentRegion = English;
			hasScannedForEncodings = 0;
			knownRegions = (
				en,
				Base,
			);
			mainGroup = 31878FF719EA296400455502;
			productRefGroup = 3187900119EA296500455502 /* Products */;
			projectDirPath = "";
			projectRoot = "";
			targets = (
				31878FFF19EA296500455502 /* BartNap */,
				3187901419EA296500455502 /* BartNapTests */,
			);
		};
/* End PBXProject section */

/* Begin PBXResourcesBuildPhase section */
		31878FFE19EA296500455502 /* Resources */ = {
			isa = PBXResourcesBuildPhase;
			buildActionMask = 2147483647;
			files = (
				3187900B19EA296500455502 /* Main.storyboard in Resources */,
				3187901019EA296500455502 /* LaunchScreen.xib in Resources */,
				F81E60C21A0F6C19001025CC /* 233645__zanox__alarm-clock-digital.wav in Resources */,
				3187900D19EA296500455502 /* Images.xcassets in Resources */,
			);
			runOnlyForDeploymentPostprocessing = 0;
		};
		3187901319EA296500455502 /* Resources */ = {
			isa = PBXResourcesBuildPhase;
			buildActionMask = 2147483647;
			files = (
			);
			runOnlyForDeploymentPostprocessing = 0;
		};
/* End PBXResourcesBuildPhase section */

/* Begin PBXShellScriptBuildPhase section */
		2ED3589D322DE1DA7F36FE7F /* Copy Pods Resources */ = {
			isa = PBXShellScriptBuildPhase;
			buildActionMask = 2147483647;
			files = (
			);
			inputPaths = (
			);
			name = "Copy Pods Resources";
			outputPaths = (
			);
			runOnlyForDeploymentPostprocessing = 0;
			shellPath = /bin/sh;
			shellScript = "\"${SRCROOT}/Pods/Target Support Files/Pods/Pods-resources.sh\"\n";
			showEnvVarsInLog = 0;
		};
		FF0634ECCC0FBF7FDC23F5A8 /* Check Pods Manifest.lock */ = {
			isa = PBXShellScriptBuildPhase;
			buildActionMask = 2147483647;
			files = (
			);
			inputPaths = (
			);
			name = "Check Pods Manifest.lock";
			outputPaths = (
			);
			runOnlyForDeploymentPostprocessing = 0;
			shellPath = /bin/sh;
			shellScript = "diff \"${PODS_ROOT}/../Podfile.lock\" \"${PODS_ROOT}/Manifest.lock\" > /dev/null\nif [[ $? != 0 ]] ; then\n    cat << EOM\nerror: The sandbox is not in sync with the Podfile.lock. Run 'pod install' or update your CocoaPods installation.\nEOM\n    exit 1\nfi\n";
			showEnvVarsInLog = 0;
		};
/* End PBXShellScriptBuildPhase section */

/* Begin PBXSourcesBuildPhase section */
		31878FFC19EA296500455502 /* Sources */ = {
			isa = PBXSourcesBuildPhase;
			buildActionMask = 2147483647;
			files = (
				31726B3B19F2F5B900FDAFE9 /* BARTClient.swift in Sources */,
				31F42D7D1A09DBC500444E62 /* SettingsViewController.swift in Sources */,
				31F42D7B1A088C0100444E62 /* TimeTablesViewController.swift in Sources */,
				315DE3161A01A64300BC4EB7 /* HomeViewController.swift in Sources */,
				3168E11719FD7FED0069C520 /* ScheduleInformation.swift in Sources */,
				F8BB8C1B1A084D8700C483E7 /* allDoneViewController.swift in Sources */,
				31898B491A02FF46009BC1DA /* TakeANapViewController.swift in Sources */,
				3168E11219FD7C8D0069C520 /* Station.swift in Sources */,
				F85312F51A06C00A000BB841 /* RemainingNapTimeViewController.swift in Sources */,
				3187900619EA296500455502 /* AppDelegate.swift in Sources */,
			);
			runOnlyForDeploymentPostprocessing = 0;
		};
		3187901119EA296500455502 /* Sources */ = {
			isa = PBXSourcesBuildPhase;
			buildActionMask = 2147483647;
			files = (
				3187901C19EA296500455502 /* BartNapTests.swift in Sources */,
			);
			runOnlyForDeploymentPostprocessing = 0;
		};
/* End PBXSourcesBuildPhase section */

/* Begin PBXTargetDependency section */
		3187901719EA296500455502 /* PBXTargetDependency */ = {
			isa = PBXTargetDependency;
			target = 31878FFF19EA296500455502 /* BartNap */;
			targetProxy = 3187901619EA296500455502 /* PBXContainerItemProxy */;
		};
/* End PBXTargetDependency section */

/* Begin PBXVariantGroup section */
		3187900919EA296500455502 /* Main.storyboard */ = {
			isa = PBXVariantGroup;
			children = (
				3187900A19EA296500455502 /* Base */,
			);
			name = Main.storyboard;
			sourceTree = "<group>";
		};
		3187900E19EA296500455502 /* LaunchScreen.xib */ = {
			isa = PBXVariantGroup;
			children = (
				3187900F19EA296500455502 /* Base */,
			);
			name = LaunchScreen.xib;
			sourceTree = "<group>";
		};
/* End PBXVariantGroup section */

/* Begin XCBuildConfiguration section */
		3187901D19EA296500455502 /* Debug */ = {
			isa = XCBuildConfiguration;
			buildSettings = {
				ALWAYS_SEARCH_USER_PATHS = NO;
				CLANG_CXX_LANGUAGE_STANDARD = "gnu++0x";
				CLANG_CXX_LIBRARY = "libc++";
				CLANG_ENABLE_MODULES = YES;
				CLANG_ENABLE_OBJC_ARC = YES;
				CLANG_WARN_BOOL_CONVERSION = YES;
				CLANG_WARN_CONSTANT_CONVERSION = YES;
				CLANG_WARN_DIRECT_OBJC_ISA_USAGE = YES_ERROR;
				CLANG_WARN_EMPTY_BODY = YES;
				CLANG_WARN_ENUM_CONVERSION = YES;
				CLANG_WARN_INT_CONVERSION = YES;
				CLANG_WARN_OBJC_ROOT_CLASS = YES_ERROR;
				CLANG_WARN_UNREACHABLE_CODE = YES;
				CLANG_WARN__DUPLICATE_METHOD_MATCH = YES;
				"CODE_SIGN_IDENTITY[sdk=iphoneos*]" = "iPhone Developer";
				COPY_PHASE_STRIP = NO;
				ENABLE_STRICT_OBJC_MSGSEND = YES;
				GCC_C_LANGUAGE_STANDARD = gnu99;
				GCC_DYNAMIC_NO_PIC = NO;
				GCC_OPTIMIZATION_LEVEL = 0;
				GCC_PREPROCESSOR_DEFINITIONS = (
					"DEBUG=1",
					"$(inherited)",
				);
				GCC_SYMBOLS_PRIVATE_EXTERN = NO;
				GCC_WARN_64_TO_32_BIT_CONVERSION = YES;
				GCC_WARN_ABOUT_RETURN_TYPE = YES_ERROR;
				GCC_WARN_UNDECLARED_SELECTOR = YES;
				GCC_WARN_UNINITIALIZED_AUTOS = YES_AGGRESSIVE;
				GCC_WARN_UNUSED_FUNCTION = YES;
				GCC_WARN_UNUSED_VARIABLE = YES;
				IPHONEOS_DEPLOYMENT_TARGET = 8.0;
				MTL_ENABLE_DEBUG_INFO = YES;
				ONLY_ACTIVE_ARCH = YES;
				SDKROOT = iphoneos;
				SWIFT_OPTIMIZATION_LEVEL = "-Onone";
			};
			name = Debug;
		};
		3187901E19EA296500455502 /* Release */ = {
			isa = XCBuildConfiguration;
			buildSettings = {
				ALWAYS_SEARCH_USER_PATHS = NO;
				CLANG_CXX_LANGUAGE_STANDARD = "gnu++0x";
				CLANG_CXX_LIBRARY = "libc++";
				CLANG_ENABLE_MODULES = YES;
				CLANG_ENABLE_OBJC_ARC = YES;
				CLANG_WARN_BOOL_CONVERSION = YES;
				CLANG_WARN_CONSTANT_CONVERSION = YES;
				CLANG_WARN_DIRECT_OBJC_ISA_USAGE = YES_ERROR;
				CLANG_WARN_EMPTY_BODY = YES;
				CLANG_WARN_ENUM_CONVERSION = YES;
				CLANG_WARN_INT_CONVERSION = YES;
				CLANG_WARN_OBJC_ROOT_CLASS = YES_ERROR;
				CLANG_WARN_UNREACHABLE_CODE = YES;
				CLANG_WARN__DUPLICATE_METHOD_MATCH = YES;
				"CODE_SIGN_IDENTITY[sdk=iphoneos*]" = "iPhone Developer";
				COPY_PHASE_STRIP = YES;
				ENABLE_NS_ASSERTIONS = NO;
				ENABLE_STRICT_OBJC_MSGSEND = YES;
				GCC_C_LANGUAGE_STANDARD = gnu99;
				GCC_WARN_64_TO_32_BIT_CONVERSION = YES;
				GCC_WARN_ABOUT_RETURN_TYPE = YES_ERROR;
				GCC_WARN_UNDECLARED_SELECTOR = YES;
				GCC_WARN_UNINITIALIZED_AUTOS = YES_AGGRESSIVE;
				GCC_WARN_UNUSED_FUNCTION = YES;
				GCC_WARN_UNUSED_VARIABLE = YES;
				IPHONEOS_DEPLOYMENT_TARGET = 8.0;
				MTL_ENABLE_DEBUG_INFO = NO;
				SDKROOT = iphoneos;
				VALIDATE_PRODUCT = YES;
			};
			name = Release;
		};
		3187902019EA296500455502 /* Debug */ = {
			isa = XCBuildConfiguration;
			baseConfigurationReference = F6166F54374392ABB28F0D4B /* Pods.debug.xcconfig */;
			buildSettings = {
				ASSETCATALOG_COMPILER_APPICON_NAME = AppIcon;
				ASSETCATALOG_COMPILER_LAUNCHIMAGE_NAME = LaunchImage;
				CLANG_ENABLE_MODULES = YES;
				INFOPLIST_FILE = BartNap/Info.plist;
				LD_RUNPATH_SEARCH_PATHS = "$(inherited) @executable_path/Frameworks";
				PRODUCT_NAME = "$(TARGET_NAME)";
				SWIFT_INSTALL_OBJC_HEADER = NO;
				SWIFT_OBJC_BRIDGING_HEADER = "BartNap/BartNap-Bridging-Header.h";
				SWIFT_OPTIMIZATION_LEVEL = "-Onone";
			};
			name = Debug;
		};
		3187902119EA296500455502 /* Release */ = {
			isa = XCBuildConfiguration;
			baseConfigurationReference = 2F2A6DDC07254B91119F2502 /* Pods.release.xcconfig */;
			buildSettings = {
				ASSETCATALOG_COMPILER_APPICON_NAME = AppIcon;
				ASSETCATALOG_COMPILER_LAUNCHIMAGE_NAME = LaunchImage;
				CLANG_ENABLE_MODULES = YES;
				INFOPLIST_FILE = BartNap/Info.plist;
				LD_RUNPATH_SEARCH_PATHS = "$(inherited) @executable_path/Frameworks";
				PRODUCT_NAME = "$(TARGET_NAME)";
				SWIFT_INSTALL_OBJC_HEADER = NO;
				SWIFT_OBJC_BRIDGING_HEADER = "BartNap/BartNap-Bridging-Header.h";
			};
			name = Release;
		};
		3187902319EA296500455502 /* Debug */ = {
			isa = XCBuildConfiguration;
			buildSettings = {
				BUNDLE_LOADER = "$(TEST_HOST)";
				FRAMEWORK_SEARCH_PATHS = (
					"$(SDKROOT)/Developer/Library/Frameworks",
					"$(inherited)",
				);
				GCC_PREPROCESSOR_DEFINITIONS = (
					"DEBUG=1",
					"$(inherited)",
				);
				INFOPLIST_FILE = BartNapTests/Info.plist;
				LD_RUNPATH_SEARCH_PATHS = "$(inherited) @executable_path/Frameworks @loader_path/Frameworks";
				PRODUCT_NAME = "$(TARGET_NAME)";
				TEST_HOST = "$(BUILT_PRODUCTS_DIR)/BartNap.app/BartNap";
			};
			name = Debug;
		};
		3187902419EA296500455502 /* Release */ = {
			isa = XCBuildConfiguration;
			buildSettings = {
				BUNDLE_LOADER = "$(TEST_HOST)";
				FRAMEWORK_SEARCH_PATHS = (
					"$(SDKROOT)/Developer/Library/Frameworks",
					"$(inherited)",
				);
				INFOPLIST_FILE = BartNapTests/Info.plist;
				LD_RUNPATH_SEARCH_PATHS = "$(inherited) @executable_path/Frameworks @loader_path/Frameworks";
				PRODUCT_NAME = "$(TARGET_NAME)";
				TEST_HOST = "$(BUILT_PRODUCTS_DIR)/BartNap.app/BartNap";
			};
			name = Release;
		};
/* End XCBuildConfiguration section */

/* Begin XCConfigurationList section */
		31878FFB19EA296500455502 /* Build configuration list for PBXProject "BartNap" */ = {
			isa = XCConfigurationList;
			buildConfigurations = (
				3187901D19EA296500455502 /* Debug */,
				3187901E19EA296500455502 /* Release */,
			);
			defaultConfigurationIsVisible = 0;
			defaultConfigurationName = Release;
		};
		3187901F19EA296500455502 /* Build configuration list for PBXNativeTarget "BartNap" */ = {
			isa = XCConfigurationList;
			buildConfigurations = (
				3187902019EA296500455502 /* Debug */,
				3187902119EA296500455502 /* Release */,
			);
			defaultConfigurationIsVisible = 0;
			defaultConfigurationName = Release;
		};
		3187902219EA296500455502 /* Build configuration list for PBXNativeTarget "BartNapTests" */ = {
			isa = XCConfigurationList;
			buildConfigurations = (
				3187902319EA296500455502 /* Debug */,
				3187902419EA296500455502 /* Release */,
			);
			defaultConfigurationIsVisible = 0;
			defaultConfigurationName = Release;
		};
/* End XCConfigurationList section */
	};
	rootObject = 31878FF819EA296500455502 /* Project object */;
}
